
Microsoft Visual Studio Solution File, Format Version 12.00
# Visual Studio 15
VisualStudioVersion = 15.0.28010.2016
MinimumVisualStudioVersion = 10.0.40219.1
Project("{FAE04EC0-301F-11D3-BF4B-00C04F79EFBC}") = "Mvc.Spa.Vue", "Mvc.Spa.Vue\Mvc.Spa.Vue.csproj", "{8B189FB9-D1C9-4EE6-8644-D7720A6ECC79}"
EndProject
Global
	GlobalSection(SolutionConfigurationPlatforms) = preSolution
		Debug|Any CPU = Debug|Any CPU
		Release|Any CPU = Release|Any CPU
	EndGlobalSection
	GlobalSection(ProjectConfigurationPlatforms) = postSolution
		{8B189FB9-D1C9-4EE6-8644-D7720A6ECC79}.Debug|Any CPU.ActiveCfg = Debug|Any CPU
		{8B189FB9-D1C9-4EE6-8644-D7720A6ECC79}.Debug|Any CPU.Build.0 = Debug|Any CPU
		{8B189FB9-D1C9-4EE6-8644-D7720A6ECC79}.Release|Any CPU.ActiveCfg = Release|Any CPU
		{8B189FB9-D1C9-4EE6-8644-D7720A6ECC79}.Release|Any CPU.Build.0 = Release|Any CPU
	EndGlobalSection
	GlobalSection(SolutionProperties) = preSolution
		HideSolutionNode = FALSE
	EndGlobalSection
	GlobalSection(ExtensibilityGlobals) = postSolution
		SolutionGuid = {5D994BFA-4FCE-4D7D-A5E5-4283AA8E61D2}
	EndGlobalSection
EndGlobal
